Microsoft Visual Studio Solution File, Format Version 12.00
# Visual Studio Version 16
VisualStudioVersion = 16.0.31019.35
MinimumVisualStudioVersion = 10.0.40219.1
Project("{FAE04EC0-301F-11D3-BF4B-00C04F79EFBC}") = "WPF_Petzold", "WPF_Petzold\WPF_Petzold.csproj", "{AE4791C9-7B46-4BFA-AFC2-14A186777905}"
EndProject
Project("{FAE04EC0-301F-11D3-BF4B-00C04F79EFBC}") = "Chapter_01 024 InheritAppAndWindow", "..\Chapter_01 024 InheritAppAndWindow\Chapter_01 024 InheritAppAndWindow.csproj", "{49A3413D-68DD-4950-A462-ADF6C76354D4}"
EndProject
Project("{FAE04EC0-301F-11D3-BF4B-00C04F79EFBC}") = "Chapter_02 037 VaryTheBackground", "..\Chapter_02 037 VaryTheBackground\Chapter_02 037 VaryTheBackground.csproj", "{4B3546FE-FC2C-4208-8911-D76D8F106A56}"
EndProject
Project("{FAE04EC0-301F-11D3-BF4B-00C04F79EFBC}") = "Chapter_02 050 ClickTheGradientCenter", "..\Chapter_02 050 ClickTheGradientCenter\Chapter_02 050 ClickTheGradientCenter.csproj", "{2EDB5972-6DAD-4AE4-8F8F-B840A839D881}"
EndProject
Project("{FAE04EC0-301F-11D3-BF4B-00C04F79EFBC}") = "Chapter_04 077 FormatTheButton", "..\Chapter_04 077 FormatTheButton\Chapter_04 077 FormatTheButton.csproj", "{5D8D944A-59AB-4A1E-A2E3-7D8F13A461D4}"
EndProject
Project("{FAE04EC0-301F-11D3-BF4B-00C04F79EFBC}") = "Chapter_03 071 RenderTheGraphic", "..\Chapter_03 071 RenderTheGraphic\Chapter_03 071 RenderTheGraphic.csproj", "{F11BC680-127E-41A7-89DA-6ACD36FCFCFA}"
EndProject
Global
	GlobalSection(SolutionConfigurationPlatforms) = preSolution
		Debug|Any CPU = Debug|Any CPU
		Release|Any CPU = Release|Any CPU
	EndGlobalSection
	GlobalSection(ProjectConfigurationPlatforms) = postSolution
		{AE4791C9-7B46-4BFA-AFC2-14A186777905}.Debug|Any CPU.ActiveCfg = Debug|Any CPU
		{AE4791C9-7B46-4BFA-AFC2-14A186777905}.Debug|Any CPU.Build.0 = Debug|Any CPU
		{AE4791C9-7B46-4BFA-AFC2-14A186777905}.Release|Any CPU.ActiveCfg = Release|Any CPU
		{AE4791C9-7B46-4BFA-AFC2-14A186777905}.Release|Any CPU.Build.0 = Release|Any CPU
		{49A3413D-68DD-4950-A462-ADF6C76354D4}.Debug|Any CPU.ActiveCfg = Debug|Any CPU
		{49A3413D-68DD-4950-A462-ADF6C76354D4}.Debug|Any CPU.Build.0 = Debug|Any CPU
		{49A3413D-68DD-4950-A462-ADF6C76354D4}.Release|Any CPU.ActiveCfg = Release|Any CPU
		{49A3413D-68DD-4950-A462-ADF6C76354D4}.Release|Any CPU.Build.0 = Release|Any CPU
		{4B3546FE-FC2C-4208-8911-D76D8F106A56}.Debug|Any CPU.ActiveCfg = Debug|Any CPU
		{4B3546FE-FC2C-4208-8911-D76D8F106A56}.Debug|Any CPU.Build.0 = Debug|Any CPU
		{4B3546FE-FC2C-4208-8911-D76D8F106A56}.Release|Any CPU.ActiveCfg = Release|Any CPU
		{4B3546FE-FC2C-4208-8911-D76D8F106A56}.Release|Any CPU.Build.0 = Release|Any CPU
		{2EDB5972-6DAD-4AE4-8F8F-B840A839D881}.Debug|Any CPU.ActiveCfg = Debug|Any CPU
		{2EDB5972-6DAD-4AE4-8F8F-B840A839D881}.Debug|Any CPU.Build.0 = Debug|Any CPU
		{2EDB5972-6DAD-4AE4-8F8F-B840A839D881}.Release|Any CPU.ActiveCfg = Release|Any CPU
		{2EDB5972-6DAD-4AE4-8F8F-B840A839D881}.Release|Any CPU.Build.0 = Release|Any CPU
		{5D8D944A-59AB-4A1E-A2E3-7D8F13A461D4}.Debug|Any CPU.ActiveCfg = Debug|Any CPU
		{5D8D944A-59AB-4A1E-A2E3-7D8F13A461D4}.Debug|Any CPU.Build.0 = Debug|Any CPU
		{5D8D944A-59AB-4A1E-A2E3-7D8F13A461D4}.Release|Any CPU.ActiveCfg = Release|Any CPU
		{5D8D944A-59AB-4A1E-A2E3-7D8F13A461D4}.Release|Any CPU.Build.0 = Release|Any CPU
		{F11BC680-127E-41A7-89DA-6ACD36FCFCFA}.Debug|Any CPU.ActiveCfg = Debug|Any CPU
		{F11BC680-127E-41A7-89DA-6ACD36FCFCFA}.Debug|Any CPU.Build.0 = Debug|Any CPU
		{F11BC680-127E-41A7-89DA-6ACD36FCFCFA}.Release|Any CPU.ActiveCfg = Release|Any CPU
		{F11BC680-127E-41A7-89DA-6ACD36FCFCFA}.Release|Any CPU.Build.0 = Release|Any CPU
	EndGlobalSection
	GlobalSection(SolutionProperties) = preSolution
		HideSolutionNode = FALSE
	EndGlobalSection
	GlobalSection(ExtensibilityGlobals) = postSolution
		SolutionGuid = {75307ED2-E0B1-4041-85AC-07C8F58AA3BB}
	EndGlobalSection
EndGlobal
