
Microsoft Visual Studio Solution File, Format Version 12.00
# Visual Studio Version 16
VisualStudioVersion = 16.0.31105.61
MinimumVisualStudioVersion = 10.0.40219.1
Project("{FAE04EC0-301F-11D3-BF4B-00C04F79EFBC}") = "WPF_Brigada", "WPF_Brigada.csproj", "{56434426-2BE0-4B5A-BCE3-441670349884}"
EndProject
Global
	GlobalSection(SolutionConfigurationPlatforms) = preSolution
		Debug|Any CPU = Debug|Any CPU
		Release|Any CPU = Release|Any CPU
	EndGlobalSection
	GlobalSection(ProjectConfigurationPlatforms) = postSolution
		{56434426-2BE0-4B5A-BCE3-441670349884}.Debug|Any CPU.ActiveCfg = Debug|Any CPU
		{56434426-2BE0-4B5A-BCE3-441670349884}.Debug|Any CPU.Build.0 = Debug|Any CPU
		{56434426-2BE0-4B5A-BCE3-441670349884}.Release|Any CPU.ActiveCfg = Release|Any CPU
		{56434426-2BE0-4B5A-BCE3-441670349884}.Release|Any CPU.Build.0 = Release|Any CPU
	EndGlobalSection
	GlobalSection(SolutionProperties) = preSolution
		HideSolutionNode = FALSE
	EndGlobalSection
	GlobalSection(ExtensibilityGlobals) = postSolution
		SolutionGuid = {25BF7EF9-ED95-41FE-AA5B-7D7E0E116CD4}
	EndGlobalSection
EndGlobal
